
Microsoft Visual Studio Solution File, Format Version 12.00
# Visual Studio 15
VisualStudioVersion = 15.0.28010.2016
MinimumVisualStudioVersion = 10.0.40219.1
Project("{FAE04EC0-301F-11D3-BF4B-00C04F79EFBC}") = "CustomBasicAuthWebApp", "CustomBasicAuthWebApp\CustomBasicAuthWebApp.csproj", "{B6BE0F84-70A2-472D-B6ED-96FF0D2FD443}"
EndProject
Project("{FAE04EC0-301F-11D3-BF4B-00C04F79EFBC}") = "CustomBasicAuthWebApp.Tests", "CustomBasicAuthWebApp.Tests\CustomBasicAuthWebApp.Tests.csproj", "{5F61B3F8-67C0-464E-BB86-411D5DC68C06}"
EndProject
Global
	GlobalSection(SolutionConfigurationPlatforms) = preSolution
		Debug|Any CPU = Debug|Any CPU
		Release|Any CPU = Release|Any CPU
	EndGlobalSection
	GlobalSection(ProjectConfigurationPlatforms) = postSolution
		{B6BE0F84-70A2-472D-B6ED-96FF0D2FD443}.Debug|Any CPU.ActiveCfg = Debug|Any CPU
		{B6BE0F84-70A2-472D-B6ED-96FF0D2FD443}.Debug|Any CPU.Build.0 = Debug|Any CPU
		{B6BE0F84-70A2-472D-B6ED-96FF0D2FD443}.Release|Any CPU.ActiveCfg = Release|Any CPU
		{B6BE0F84-70A2-472D-B6ED-96FF0D2FD443}.Release|Any CPU.Build.0 = Release|Any CPU
		{5F61B3F8-67C0-464E-BB86-411D5DC68C06}.Debug|Any CPU.ActiveCfg = Debug|Any CPU
		{5F61B3F8-67C0-464E-BB86-411D5DC68C06}.Debug|Any CPU.Build.0 = Debug|Any CPU
		{5F61B3F8-67C0-464E-BB86-411D5DC68C06}.Release|Any CPU.ActiveCfg = Release|Any CPU
		{5F61B3F8-67C0-464E-BB86-411D5DC68C06}.Release|Any CPU.Build.0 = Release|Any CPU
	EndGlobalSection
	GlobalSection(SolutionProperties) = preSolution
		HideSolutionNode = FALSE
	EndGlobalSection
	GlobalSection(ExtensibilityGlobals) = postSolution
		SolutionGuid = {D36E829A-A15E-4610-AF23-2067C2B2B8EA}
	EndGlobalSection
EndGlobal
